Microsoft Visual Studio Solution File, Format Version 12.00
# Visual Studio Version 17
VisualStudioVersion = 17.5.2.0
MinimumVisualStudioVersion = 10.0.40219.1
Project("{2150E333-8FDC-42A3-9474-1A3956D46DE8}") = "functions", "functions", "{46899413-A1AD-7709-F42F-DC74916C2577}"
EndProject
Project("{FAE04EC0-301F-11D3-BF4B-00C04F79EFBC}") = "ProcessedPostsApi", "functions\ProcessedPostsApi.csproj", "{DB8F48E2-CDF1-C32A-837E-AB5668A92142}"
EndProject
Global
	GlobalSection(SolutionConfigurationPlatforms) = preSolution
		Debug|Any CPU = Debug|Any CPU
		Release|Any CPU = Release|Any CPU
	EndGlobalSection
	GlobalSection(ProjectConfigurationPlatforms) = postSolution
		{DB8F48E2-CDF1-C32A-837E-AB5668A92142}.Debug|Any CPU.ActiveCfg = Debug|Any CPU
		{DB8F48E2-CDF1-C32A-837E-AB5668A92142}.Debug|Any CPU.Build.0 = Debug|Any CPU
		{DB8F48E2-CDF1-C32A-837E-AB5668A92142}.Release|Any CPU.ActiveCfg = Release|Any CPU
		{DB8F48E2-CDF1-C32A-837E-AB5668A92142}.Release|Any CPU.Build.0 = Release|Any CPU
	EndGlobalSection
	GlobalSection(SolutionProperties) = preSolution
		HideSolutionNode = FALSE
	EndGlobalSection
	GlobalSection(NestedProjects) = preSolution
		{DB8F48E2-CDF1-C32A-837E-AB5668A92142} = {46899413-A1AD-7709-F42F-DC74916C2577}
	EndGlobalSection
	GlobalSection(ExtensibilityGlobals) = postSolution
		SolutionGuid = {23732970-8733-4CEB-A799-5E9BD663A39B}
	EndGlobalSection
EndGlobal
